
Microsoft Visual Studio Solution File, Format Version 12.00
# Visual Studio 15
VisualStudioVersion = 15.0.28010.2041
MinimumVisualStudioVersion = 10.0.40219.1
Project("{FAE04EC0-301F-11D3-BF4B-00C04F79EFBC}") = "PesoIdeal 2018", "PesoIdeal 2018\PesoIdeal 2018.csproj", "{8E8CD443-9D77-48B3-815B-59EDCADB4EAB}"
EndProject
Global
	GlobalSection(SolutionConfigurationPlatforms) = preSolution
		Debug|Any CPU = Debug|Any CPU
		Release|Any CPU = Release|Any CPU
	EndGlobalSection
	GlobalSection(ProjectConfigurationPlatforms) = postSolution
		{8E8CD443-9D77-48B3-815B-59EDCADB4EAB}.Debug|Any CPU.ActiveCfg = Debug|Any CPU
		{8E8CD443-9D77-48B3-815B-59EDCADB4EAB}.Debug|Any CPU.Build.0 = Debug|Any CPU
		{8E8CD443-9D77-48B3-815B-59EDCADB4EAB}.Release|Any CPU.ActiveCfg = Release|Any CPU
		{8E8CD443-9D77-48B3-815B-59EDCADB4EAB}.Release|Any CPU.Build.0 = Release|Any CPU
	EndGlobalSection
	GlobalSection(SolutionProperties) = preSolution
		HideSolutionNode = FALSE
	EndGlobalSection
	GlobalSection(ExtensibilityGlobals) = postSolution
		SolutionGuid = {FAE3F9FB-02CC-485F-811D-D88ACC91AA16}
	EndGlobalSection
EndGlobal
